// !$*UTF8*$!
{
	archiveVersion = 1;
	classes = {
	};
	objectVersion = 51;
	objects = {

/* Begin PBXBuildFile section */
		A03B663C24846476004E7DCE /* GoogleService-Info.plist in Resources */ = {isa = PBXBuildFile; fileRef = A03B663B24846476004E7DCE /* GoogleService-Info.plist */; };
		A0492A612490941800A6A533 /* NewUserView.swift in Sources */ = {isa = PBXBuildFile; fileRef = A0492A602490941800A6A533 /* NewUserView.swift */; };
		A0492A732498486800A6A533 /* DocumentPicker.swift in Sources */ = {isa = PBXBuildFile; fileRef = A0492A722498486800A6A533 /* DocumentPicker.swift */; };
		A0492A76249867DB00A6A533 /* PlayerUIView.swift in Sources */ = {isa = PBXBuildFile; fileRef = A0492A75249867DB00A6A533 /* PlayerUIView.swift */; };
		A0492A782498688300A6A533 /* Player.swift in Sources */ = {isa = PBXBuildFile; fileRef = A0492A772498688300A6A533 /* Player.swift */; };
		A0492A7B249AE4EA00A6A533 /* ImagePicker.swift in Sources */ = {isa = PBXBuildFile; fileRef = A0492A7A249AE4EA00A6A533 /* ImagePicker.swift */; };
		A065A521248DCAB100627E94 /* ViewUnwrapper.swift in Sources */ = {isa = PBXBuildFile; fileRef = A065A520248DCAB100627E94 /* ViewUnwrapper.swift */; };
		A065A523248F10F600627E94 /* Error.swift in Sources */ = {isa = PBXBuildFile; fileRef = A065A522248F10F600627E94 /* Error.swift */; };
		A065A526248F20D300627E94 /* WelcomeView.swift in Sources */ = {isa = PBXBuildFile; fileRef = A065A525248F20D300627E94 /* WelcomeView.swift */; };
		A065A529248F215C00627E94 /* TextModifiers.swift in Sources */ = {isa = PBXBuildFile; fileRef = A065A528248F215C00627E94 /* TextModifiers.swift */; };
		A065A52B248F218500627E94 /* Colors.swift in Sources */ = {isa = PBXBuildFile; fileRef = A065A52A248F218500627E94 /* Colors.swift */; };
		A065A52D248F21F700627E94 /* ButtonViews.swift in Sources */ = {isa = PBXBuildFile; fileRef = A065A52C248F21F700627E94 /* ButtonViews.swift */; };
		A065A531248F27C100627E94 /* ErrorTextField.swift in Sources */ = {isa = PBXBuildFile; fileRef = A065A530248F27C100627E94 /* ErrorTextField.swift */; };
		A065A53324904D0C00627E94 /* LoginView.swift in Sources */ = {isa = PBXBuildFile; fileRef = A065A53224904D0C00627E94 /* LoginView.swift */; };
		A065A5362490566800627E94 /* HomeView.swift in Sources */ = {isa = PBXBuildFile; fileRef = A065A5352490566800627E94 /* HomeView.swift */; };
		A0EDCE652483FE4100AA30C6 /* AppDelegate.swift in Sources */ = {isa = PBXBuildFile; fileRef = A0EDCE642483FE4100AA30C6 /* AppDelegate.swift */; };
		A0EDCE672483FE4100AA30C6 /* SceneDelegate.swift in Sources */ = {isa = PBXBuildFile; fileRef = A0EDCE662483FE4100AA30C6 /* SceneDelegate.swift */; };
		A0EDCE6B2483FE4400AA30C6 /* Assets.xcassets in Resources */ = {isa = PBXBuildFile; fileRef = A0EDCE6A2483FE4400AA30C6 /* Assets.xcassets */; };
		A0EDCE6E2483FE4400AA30C6 /* Preview Assets.xcassets in Resources */ = {isa = PBXBuildFile; fileRef = A0EDCE6D2483FE4400AA30C6 /* Preview Assets.xcassets */; };
		A0EDCE712483FE4400AA30C6 /* LaunchScreen.storyboard in Resources */ = {isa = PBXBuildFile; fileRef = A0EDCE6F2483FE4400AA30C6 /* LaunchScreen.storyboard */; };
		A0EDCE7C24845BCC00AA30C6 /* SessionStore.swift in Sources */ = {isa = PBXBuildFile; fileRef = A0EDCE7B24845BCC00AA30C6 /* SessionStore.swift */; };
		A0EDCE7E24845C8500AA30C6 /* User.swift in Sources */ = {isa = PBXBuildFile; fileRef = A0EDCE7D24845C8500AA30C6 /* User.swift */; };
		D3AD246886ACE69FCBE331A5 /* Pods_SongParts.framework in Frameworks */ = {isa = PBXBuildFile; fileRef = 2DE41EE4F55979AE0718254D /* Pods_SongParts.framework */; };
/* End PBXBuildFile section */

/* Begin PBXFileReference section */
		2DE41EE4F55979AE0718254D /* Pods_SongParts.framework */ = {isa = PBXFileReference; explicitFileType = wrapper.framework; includeInIndex = 0; path = Pods_SongParts.framework; sourceTree = BUILT_PRODUCTS_DIR; };
		4835AC56BCBDD646098212E7 /* Pods-SongParts.debug.xcconfig */ = {isa = PBXFileReference; includeInIndex = 1; lastKnownFileType = text.xcconfig; name = "Pods-SongParts.debug.xcconfig"; path = "Target Support Files/Pods-SongParts/Pods-SongParts.debug.xcconfig"; sourceTree = "<group>"; };
		641F53EB5886E35B5F5469A8 /* Pods-SongParts.release.xcconfig */ = {isa = PBXFileReference; includeInIndex = 1; lastKnownFileType = text.xcconfig; name = "Pods-SongParts.release.xcconfig"; path = "Target Support Files/Pods-SongParts/Pods-SongParts.release.xcconfig"; sourceTree = "<group>"; };
		A03B663B24846476004E7DCE /* GoogleService-Info.plist */ = {isa = PBXFileReference; fileEncoding = 4; lastKnownFileType = text.plist.xml; path = "GoogleService-Info.plist"; sourceTree = "<group>"; };
		A0492A602490941800A6A533 /* NewUserView.swift */ = {isa = PBXFileReference; lastKnownFileType = sourcecode.swift; path = NewUserView.swift; sourceTree = "<group>"; };
		A0492A722498486800A6A533 /* DocumentPicker.swift */ = {isa = PBXFileReference; lastKnownFileType = sourcecode.swift; path = DocumentPicker.swift; sourceTree = "<group>"; };
		A0492A75249867DB00A6A533 /* PlayerUIView.swift */ = {isa = PBXFileReference; lastKnownFileType = sourcecode.swift; path = PlayerUIView.swift; sourceTree = "<group>"; };
		A0492A772498688300A6A533 /* Player.swift */ = {isa = PBXFileReference; lastKnownFileType = sourcecode.swift; path = Player.swift; sourceTree = "<group>"; };
		A0492A7A249AE4EA00A6A533 /* ImagePicker.swift */ = {isa = PBXFileReference; lastKnownFileType = sourcecode.swift; path = ImagePicker.swift; sourceTree = "<group>"; };
		A065A520248DCAB100627E94 /* ViewUnwrapper.swift */ = {isa = PBXFileReference; lastKnownFileType = sourcecode.swift; path = ViewUnwrapper.swift; sourceTree = "<group>"; };
		A065A522248F10F600627E94 /* Error.swift */ = {isa = PBXFileReference; lastKnownFileType = sourcecode.swift; path = Error.swift; sourceTree = "<group>"; };
		A065A525248F20D300627E94 /* WelcomeView.swift */ = {isa = PBXFileReference; lastKnownFileType = sourcecode.swift; path = WelcomeView.swift; sourceTree = "<group>"; };
		A065A528248F215C00627E94 /* TextModifiers.swift */ = {isa = PBXFileReference; lastKnownFileType = sourcecode.swift; path = TextModifiers.swift; sourceTree = "<group>"; };
		A065A52A248F218500627E94 /* Colors.swift */ = {isa = PBXFileReference; lastKnownFileType = sourcecode.swift; path = Colors.swift; sourceTree = "<group>"; };
		A065A52C248F21F700627E94 /* ButtonViews.swift */ = {isa = PBXFileReference; lastKnownFileType = sourcecode.swift; path = ButtonViews.swift; sourceTree = "<group>"; };
		A065A530248F27C100627E94 /* ErrorTextField.swift */ = {isa = PBXFileReference; lastKnownFileType = sourcecode.swift; path = ErrorTextField.swift; sourceTree = "<group>"; };
		A065A53224904D0C00627E94 /* LoginView.swift */ = {isa = PBXFileReference; lastKnownFileType = sourcecode.swift; path = LoginView.swift; sourceTree = "<group>"; };
		A065A5352490566800627E94 /* HomeView.swift */ = {isa = PBXFileReference; lastKnownFileType = sourcecode.swift; path = HomeView.swift; sourceTree = "<group>"; };
		A0EDCE612483FE4100AA30C6 /* SongParts.app */ = {isa = PBXFileReference; explicitFileType = wrapper.application; includeInIndex = 0; path = SongParts.app; sourceTree = BUILT_PRODUCTS_DIR; };
		A0EDCE642483FE4100AA30C6 /* AppDelegate.swift */ = {isa = PBXFileReference; lastKnownFileType = sourcecode.swift; path = AppDelegate.swift; sourceTree = "<group>"; };
		A0EDCE662483FE4100AA30C6 /* SceneDelegate.swift */ = {isa = PBXFileReference; lastKnownFileType = sourcecode.swift; path = SceneDelegate.swift; sourceTree = "<group>"; };
		A0EDCE6A2483FE4400AA30C6 /* Assets.xcassets */ = {isa = PBXFileReference; lastKnownFileType = folder.assetcatalog; path = Assets.xcassets; sourceTree = "<group>"; };
		A0EDCE6D2483FE4400AA30C6 /* Preview Assets.xcassets */ = {isa = PBXFileReference; lastKnownFileType = folder.assetcatalog; path = "Preview Assets.xcassets"; sourceTree = "<group>"; };
		A0EDCE702483FE4400AA30C6 /* Base */ = {isa = PBXFileReference; lastKnownFileType = file.storyboard; name = Base; path = Base.lproj/LaunchScreen.storyboard; sourceTree = "<group>"; };
		A0EDCE722483FE4400AA30C6 /* Info.plist */ = {isa = PBXFileReference; lastKnownFileType = text.plist.xml; path = Info.plist; sourceTree = "<group>"; };
		A0EDCE7B24845BCC00AA30C6 /* SessionStore.swift */ = {isa = PBXFileReference; lastKnownFileType = sourcecode.swift; path = SessionStore.swift; sourceTree = "<group>"; };
		A0EDCE7D24845C8500AA30C6 /* User.swift */ = {isa = PBXFileReference; lastKnownFileType = sourcecode.swift; path = User.swift; sourceTree = "<group>"; };
/* End PBXFileReference section */

/* Begin PBXFrameworksBuildPhase section */
		A0EDCE5E2483FE4100AA30C6 /* Frameworks */ = {
			isa = PBXFrameworksBuildPhase;
			buildActionMask = 2147483647;
			files = (
				D3AD246886ACE69FCBE331A5 /* Pods_SongParts.framework in Frameworks */,
			);
			runOnlyForDeploymentPostprocessing = 0;
		};
/* End PBXFrameworksBuildPhase section */

/* Begin PBXGroup section */
		206D7708EBAFE04D2947D53D /* Pods */ = {
			isa = PBXGroup;
			children = (
				4835AC56BCBDD646098212E7 /* Pods-SongParts.debug.xcconfig */,
				641F53EB5886E35B5F5469A8 /* Pods-SongParts.release.xcconfig */,
			);
			path = Pods;
			sourceTree = "<group>";
		};
		A03B6646248876C2004E7DCE /* Application */ = {
			isa = PBXGroup;
			children = (
				A0EDCE782484495D00AA30C6 /* User */,
			);
			path = Application;
			sourceTree = "<group>";
		};
		A03B6647248876CD004E7DCE /* View */ = {
			isa = PBXGroup;
			children = (
				A0492A79249AE4D600A6A533 /* Picker */,
				A0492A74249867C200A6A533 /* Player */,
				A065A5342490565A00627E94 /* Home */,
				A065A527248F214C00627E94 /* Common */,
				A065A524248F20BD00627E94 /* Signup */,
			);
			path = View;
			sourceTree = "<group>";
		};
		A0492A74249867C200A6A533 /* Player */ = {
			isa = PBXGroup;
			children = (
				A0492A75249867DB00A6A533 /* PlayerUIView.swift */,
				A0492A772498688300A6A533 /* Player.swift */,
			);
			path = Player;
			sourceTree = "<group>";
		};
		A0492A79249AE4D600A6A533 /* Picker */ = {
			isa = PBXGroup;
			children = (
				A0492A722498486800A6A533 /* DocumentPicker.swift */,
				A0492A7A249AE4EA00A6A533 /* ImagePicker.swift */,
			);
			path = Picker;
			sourceTree = "<group>";
		};
		A065A524248F20BD00627E94 /* Signup */ = {
			isa = PBXGroup;
			children = (
				A065A525248F20D300627E94 /* WelcomeView.swift */,
				A065A53224904D0C00627E94 /* LoginView.swift */,
				A0492A602490941800A6A533 /* NewUserView.swift */,
			);
			path = Signup;
			sourceTree = "<group>";
		};
		A065A527248F214C00627E94 /* Common */ = {
			isa = PBXGroup;
			children = (
				A065A520248DCAB100627E94 /* ViewUnwrapper.swift */,
				A065A522248F10F600627E94 /* Error.swift */,
				A065A528248F215C00627E94 /* TextModifiers.swift */,
				A065A52A248F218500627E94 /* Colors.swift */,
				A065A52C248F21F700627E94 /* ButtonViews.swift */,
				A065A530248F27C100627E94 /* ErrorTextField.swift */,
			);
			path = Common;
			sourceTree = "<group>";
		};
		A065A5342490565A00627E94 /* Home */ = {
			isa = PBXGroup;
			children = (
				A065A5352490566800627E94 /* HomeView.swift */,
			);
			path = Home;
			sourceTree = "<group>";
		};
		A0EDCE582483FE4100AA30C6 = {
			isa = PBXGroup;
			children = (
				A0EDCE632483FE4100AA30C6 /* SongParts */,
				A0EDCE622483FE4100AA30C6 /* Products */,
				206D7708EBAFE04D2947D53D /* Pods */,
				CAA0C88C4F5D7A82FAC1CEE4 /* Frameworks */,
			);
			sourceTree = "<group>";
		};
		A0EDCE622483FE4100AA30C6 /* Products */ = {
			isa = PBXGroup;
			children = (
				A0EDCE612483FE4100AA30C6 /* SongParts.app */,
			);
			name = Products;
			sourceTree = "<group>";
		};
		A0EDCE632483FE4100AA30C6 /* SongParts */ = {
			isa = PBXGroup;
			children = (
				A03B6646248876C2004E7DCE /* Application */,
				A03B6647248876CD004E7DCE /* View */,
				A0EDCE642483FE4100AA30C6 /* AppDelegate.swift */,
				A0EDCE662483FE4100AA30C6 /* SceneDelegate.swift */,
				A0EDCE6F2483FE4400AA30C6 /* LaunchScreen.storyboard */,
				A0EDCE722483FE4400AA30C6 /* Info.plist */,
				A0EDCE6A2483FE4400AA30C6 /* Assets.xcassets */,
				A03B663B24846476004E7DCE /* GoogleService-Info.plist */,
				A0EDCE6C2483FE4400AA30C6 /* Preview Content */,
			);
			path = SongParts;
			sourceTree = "<group>";
		};
		A0EDCE6C2483FE4400AA30C6 /* Preview Content */ = {
			isa = PBXGroup;
			children = (
				A0EDCE6D2483FE4400AA30C6 /* Preview Assets.xcassets */,
			);
			path = "Preview Content";
			sourceTree = "<group>";
		};
		A0EDCE782484495D00AA30C6 /* User */ = {
			isa = PBXGroup;
			children = (
				A0EDCE7B24845BCC00AA30C6 /* SessionStore.swift */,
				A0EDCE7D24845C8500AA30C6 /* User.swift */,
			);
			path = User;
			sourceTree = "<group>";
		};
		CAA0C88C4F5D7A82FAC1CEE4 /* Frameworks */ = {
			isa = PBXGroup;
			children = (
				2DE41EE4F55979AE0718254D /* Pods_SongParts.framework */,
			);
			name = Frameworks;
			sourceTree = "<group>";
		};
/* End PBXGroup section */

/* Begin PBXNativeTarget section */
		A0EDCE602483FE4100AA30C6 /* SongParts */ = {
			isa = PBXNativeTarget;
			buildConfigurationList = A0EDCE752483FE4400AA30C6 /* Build configuration list for PBXNativeTarget "SongParts" */;
			buildPhases = (
				F1B52EB2B635EDB06D2600B4 /* [CP] Check Pods Manifest.lock */,
				A0EDCE5D2483FE4100AA30C6 /* Sources */,
				A0EDCE5E2483FE4100AA30C6 /* Frameworks */,
				A0EDCE5F2483FE4100AA30C6 /* Resources */,
				379CF405B35FA62345E27F8D /* [CP] Embed Pods Frameworks */,
			);
			buildRules = (
			);
			dependencies = (
			);
			name = SongParts;
			productName = SongParts;
			productReference = A0EDCE612483FE4100AA30C6 /* SongParts.app */;
			productType = "com.apple.product-type.application";
		};
/* End PBXNativeTarget section */

/* Begin PBXProject section */
		A0EDCE592483FE4100AA30C6 /* Project object */ = {
			isa = PBXProject;
			attributes = {
				LastSwiftUpdateCheck = 1150;
				LastUpgradeCheck = 1150;
				ORGANIZATIONNAME = "Lucas Ference";
				TargetAttributes = {
					A0EDCE602483FE4100AA30C6 = {
						CreatedOnToolsVersion = 11.5;
					};
				};
			};
			buildConfigurationList = A0EDCE5C2483FE4100AA30C6 /* Build configuration list for PBXProject "SongParts" */;
			compatibilityVersion = "Xcode 9.3";
			developmentRegion = en;
			hasScannedForEncodings = 0;
			knownRegions = (
				en,
				Base,
			);
			mainGroup = A0EDCE582483FE4100AA30C6;
			productRefGroup = A0EDCE622483FE4100AA30C6 /* Products */;
			projectDirPath = "";
			projectRoot = "";
			targets = (
				A0EDCE602483FE4100AA30C6 /* SongParts */,
			);
		};
/* End PBXProject section */

/* Begin PBXResourcesBuildPhase section */
		A0EDCE5F2483FE4100AA30C6 /* Resources */ = {
			isa = PBXResourcesBuildPhase;
			buildActionMask = 2147483647;
			files = (
				A0EDCE712483FE4400AA30C6 /* LaunchScreen.storyboard in Resources */,
				A03B663C24846476004E7DCE /* GoogleService-Info.plist in Resources */,
				A0EDCE6E2483FE4400AA30C6 /* Preview Assets.xcassets in Resources */,
				A0EDCE6B2483FE4400AA30C6 /* Assets.xcassets in Resources */,
			);
			runOnlyForDeploymentPostprocessing = 0;
		};
/* End PBXResourcesBuildPhase section */

/* Begin PBXShellScriptBuildPhase section */
		379CF405B35FA62345E27F8D /* [CP] Embed Pods Frameworks */ = {
			isa = PBXShellScriptBuildPhase;
			buildActionMask = 2147483647;
			files = (
			);
			inputFileListPaths = (
				"${PODS_ROOT}/Target Support Files/Pods-SongParts/Pods-SongParts-frameworks-${CONFIGURATION}-input-files.xcfilelist",
			);
			name = "[CP] Embed Pods Frameworks";
			outputFileListPaths = (
				"${PODS_ROOT}/Target Support Files/Pods-SongParts/Pods-SongParts-frameworks-${CONFIGURATION}-output-files.xcfilelist",
			);
			runOnlyForDeploymentPostprocessing = 0;
			shellPath = /bin/sh;
			shellScript = "\"${PODS_ROOT}/Target Support Files/Pods-SongParts/Pods-SongParts-frameworks.sh\"\n";
			showEnvVarsInLog = 0;
		};
		F1B52EB2B635EDB06D2600B4 /* [CP] Check Pods Manifest.lock */ = {
			isa = PBXShellScriptBuildPhase;
			buildActionMask = 2147483647;
			files = (
			);
			inputFileListPaths = (
			);
			inputPaths = (
				"${PODS_PODFILE_DIR_PATH}/Podfile.lock",
				"${PODS_ROOT}/Manifest.lock",
			);
			name = "[CP] Check Pods Manifest.lock";
			outputFileListPaths = (
			);
			outputPaths = (
				"$(DERIVED_FILE_DIR)/Pods-SongParts-checkManifestLockResult.txt",
			);
			runOnlyForDeploymentPostprocessing = 0;
			shellPath = /bin/sh;
			shellScript = "diff \"${PODS_PODFILE_DIR_PATH}/Podfile.lock\" \"${PODS_ROOT}/Manifest.lock\" > /dev/null\nif [ $? != 0 ] ; then\n    # print error to STDERR\n    echo \"error: The sandbox is not in sync with the Podfile.lock. Run 'pod install' or update your CocoaPods installation.\" >&2\n    exit 1\nfi\n# This output is used by Xcode 'outputs' to avoid re-running this script phase.\necho \"SUCCESS\" > \"${SCRIPT_OUTPUT_FILE_0}\"\n";
			showEnvVarsInLog = 0;
		};
/* End PBXShellScriptBuildPhase section */

/* Begin PBXSourcesBuildPhase section */
		A0EDCE5D2483FE4100AA30C6 /* Sources */ = {
			isa = PBXSourcesBuildPhase;
			buildActionMask = 2147483647;
			files = (
				A065A52D248F21F700627E94 /* ButtonViews.swift in Sources */,
				A065A529248F215C00627E94 /* TextModifiers.swift in Sources */,
				A065A5362490566800627E94 /* HomeView.swift in Sources */,
				A0492A7B249AE4EA00A6A533 /* ImagePicker.swift in Sources */,
				A0492A76249867DB00A6A533 /* PlayerUIView.swift in Sources */,
				A0EDCE652483FE4100AA30C6 /* AppDelegate.swift in Sources */,
				A0EDCE7C24845BCC00AA30C6 /* SessionStore.swift in Sources */,
				A0EDCE7E24845C8500AA30C6 /* User.swift in Sources */,
				A065A526248F20D300627E94 /* WelcomeView.swift in Sources */,
				A065A52B248F218500627E94 /* Colors.swift in Sources */,
				A065A531248F27C100627E94 /* ErrorTextField.swift in Sources */,
				A0EDCE672483FE4100AA30C6 /* SceneDelegate.swift in Sources */,
				A065A521248DCAB100627E94 /* ViewUnwrapper.swift in Sources */,
				A065A523248F10F600627E94 /* Error.swift in Sources */,
				A065A53324904D0C00627E94 /* LoginView.swift in Sources */,
				A0492A612490941800A6A533 /* NewUserView.swift in Sources */,
				A0492A782498688300A6A533 /* Player.swift in Sources */,
				A0492A732498486800A6A533 /* DocumentPicker.swift in Sources */,
			);
			runOnlyForDeploymentPostprocessing = 0;
		};
/* End PBXSourcesBuildPhase section */

/* Begin PBXVariantGroup section */
		A0EDCE6F2483FE4400AA30C6 /* LaunchScreen.storyboard */ = {
			isa = PBXVariantGroup;
			children = (
				A0EDCE702483FE4400AA30C6 /* Base */,
			);
			name = LaunchScreen.storyboard;
			sourceTree = "<group>";
		};
/* End PBXVariantGroup section */

/* Begin XCBuildConfiguration section */
		A0EDCE732483FE4400AA30C6 /* Debug */ = {
			isa = XCBuildConfiguration;
			buildSettings = {
				ALWAYS_SEARCH_USER_PATHS = NO;
				CLANG_ANALYZER_NONNULL = YES;
				CLANG_ANALYZER_NUMBER_OBJECT_CONVERSION = YES_AGGRESSIVE;
				CLANG_CXX_LANGUAGE_STANDARD = "gnu++14";
				CLANG_CXX_LIBRARY = "libc++";
				CLANG_ENABLE_MODULES = YES;
				CLANG_ENABLE_OBJC_ARC = YES;
				CLANG_ENABLE_OBJC_WEAK = YES;
				CLANG_WARN_BLOCK_CAPTURE_AUTORELEASING = YES;
				CLANG_WARN_BOOL_CONVERSION = YES;
				CLANG_WARN_COMMA = YES;
				CLANG_WARN_CONSTANT_CONVERSION = YES;
				CLANG_WARN_DEPRECATED_OBJC_IMPLEMENTATIONS = YES;
				CLANG_WARN_DIRECT_OBJC_ISA_USAGE = YES_ERROR;
				CLANG_WARN_DOCUMENTATION_COMMENTS = YES;
				CLANG_WARN_EMPTY_BODY = YES;
				CLANG_WARN_ENUM_CONVERSION = YES;
				CLANG_WARN_INFINITE_RECURSION = YES;
				CLANG_WARN_INT_CONVERSION = YES;
				CLANG_WARN_NON_LITERAL_NULL_CONVERSION = YES;
				CLANG_WARN_OBJC_IMPLICIT_RETAIN_SELF = YES;
				CLANG_WARN_OBJC_LITERAL_CONVERSION = YES;
				CLANG_WARN_OBJC_ROOT_CLASS = YES_ERROR;
				CLANG_WARN_RANGE_LOOP_ANALYSIS = YES;
				CLANG_WARN_STRICT_PROTOTYPES = YES;
				CLANG_WARN_SUSPICIOUS_MOVE = YES;
				CLANG_WARN_UNGUARDED_AVAILABILITY = YES_AGGRESSIVE;
				CLANG_WARN_UNREACHABLE_CODE = YES;
				CLANG_WARN__DUPLICATE_METHOD_MATCH = YES;
				COPY_PHASE_STRIP = NO;
				DEBUG_INFORMATION_FORMAT = dwarf;
				ENABLE_STRICT_OBJC_MSGSEND = YES;
				ENABLE_TESTABILITY = YES;
				GCC_C_LANGUAGE_STANDARD = gnu11;
				GCC_DYNAMIC_NO_PIC = NO;
				GCC_NO_COMMON_BLOCKS = YES;
				GCC_OPTIMIZATION_LEVEL = 0;
				GCC_PREPROCESSOR_DEFINITIONS = (
					"DEBUG=1",
					"$(inherited)",
				);
				GCC_WARN_64_TO_32_BIT_CONVERSION = YES;
				GCC_WARN_ABOUT_RETURN_TYPE = YES_ERROR;
				GCC_WARN_UNDECLARED_SELECTOR = YES;
				GCC_WARN_UNINITIALIZED_AUTOS = YES_AGGRESSIVE;
				GCC_WARN_UNUSED_FUNCTION = YES;
				GCC_WARN_UNUSED_VARIABLE = YES;
				IPHONEOS_DEPLOYMENT_TARGET = 13.5;
				MTL_ENABLE_DEBUG_INFO = INCLUDE_SOURCE;
				MTL_FAST_MATH = YES;
				ONLY_ACTIVE_ARCH = YES;
				SDKROOT = iphoneos;
				SWIFT_ACTIVE_COMPILATION_CONDITIONS = DEBUG;
				SWIFT_OPTIMIZATION_LEVEL = "-Onone";
			};
			name = Debug;
		};
		A0EDCE742483FE4400AA30C6 /* Release */ = {
			isa = XCBuildConfiguration;
			buildSettings = {
				ALWAYS_SEARCH_USER_PATHS = NO;
				CLANG_ANALYZER_NONNULL = YES;
				CLANG_ANALYZER_NUMBER_OBJECT_CONVERSION = YES_AGGRESSIVE;
				CLANG_CXX_LANGUAGE_STANDARD = "gnu++14";
				CLANG_CXX_LIBRARY = "libc++";
				CLANG_ENABLE_MODULES = YES;
				CLANG_ENABLE_OBJC_ARC = YES;
				CLANG_ENABLE_OBJC_WEAK = YES;
				CLANG_WARN_BLOCK_CAPTURE_AUTORELEASING = YES;
				CLANG_WARN_BOOL_CONVERSION = YES;
				CLANG_WARN_COMMA = YES;
				CLANG_WARN_CONSTANT_CONVERSION = YES;
				CLANG_WARN_DEPRECATED_OBJC_IMPLEMENTATIONS = YES;
				CLANG_WARN_DIRECT_OBJC_ISA_USAGE = YES_ERROR;
				CLANG_WARN_DOCUMENTATION_COMMENTS = YES;
				CLANG_WARN_EMPTY_BODY = YES;
				CLANG_WARN_ENUM_CONVERSION = YES;
				CLANG_WARN_INFINITE_RECURSION = YES;
				CLANG_WARN_INT_CONVERSION = YES;
				CLANG_WARN_NON_LITERAL_NULL_CONVERSION = YES;
				CLANG_WARN_OBJC_IMPLICIT_RETAIN_SELF = YES;
				CLANG_WARN_OBJC_LITERAL_CONVERSION = YES;
				CLANG_WARN_OBJC_ROOT_CLASS = YES_ERROR;
				CLANG_WARN_RANGE_LOOP_ANALYSIS = YES;
				CLANG_WARN_STRICT_PROTOTYPES = YES;
				CLANG_WARN_SUSPICIOUS_MOVE = YES;
				CLANG_WARN_UNGUARDED_AVAILABILITY = YES_AGGRESSIVE;
				CLANG_WARN_UNREACHABLE_CODE = YES;
				CLANG_WARN__DUPLICATE_METHOD_MATCH = YES;
				COPY_PHASE_STRIP = NO;
				DEBUG_INFORMATION_FORMAT = "dwarf-with-dsym";
				ENABLE_NS_ASSERTIONS = NO;
				ENABLE_STRICT_OBJC_MSGSEND = YES;
				GCC_C_LANGUAGE_STANDARD = gnu11;
				GCC_NO_COMMON_BLOCKS = YES;
				GCC_WARN_64_TO_32_BIT_CONVERSION = YES;
				GCC_WARN_ABOUT_RETURN_TYPE = YES_ERROR;
				GCC_WARN_UNDECLARED_SELECTOR = YES;
				GCC_WARN_UNINITIALIZED_AUTOS = YES_AGGRESSIVE;
				GCC_WARN_UNUSED_FUNCTION = YES;
				GCC_WARN_UNUSED_VARIABLE = YES;
				IPHONEOS_DEPLOYMENT_TARGET = 13.5;
				MTL_ENABLE_DEBUG_INFO = NO;
				MTL_FAST_MATH = YES;
				SDKROOT = iphoneos;
				SWIFT_COMPILATION_MODE = wholemodule;
				SWIFT_OPTIMIZATION_LEVEL = "-O";
				VALIDATE_PRODUCT = YES;
			};
			name = Release;
		};
		A0EDCE762483FE4400AA30C6 /* Debug */ = {
			isa = XCBuildConfiguration;
			baseConfigurationReference = 4835AC56BCBDD646098212E7 /* Pods-SongParts.debug.xcconfig */;
			buildSettings = {
				ASSETCATALOG_COMPILER_APPICON_NAME = AppIcon;
				CODE_SIGN_STYLE = Automatic;
				DEVELOPMENT_ASSET_PATHS = "\"SongParts/Preview Content\"";
				DEVELOPMENT_TEAM = 77DCXQD46U;
				ENABLE_PREVIEWS = YES;
				INFOPLIST_FILE = SongParts/Info.plist;
				LD_RUNPATH_SEARCH_PATHS = (
					"$(inherited)",
					"@executable_path/Frameworks",
				);
				PRODUCT_BUNDLE_IDENTIFIER = ference.SongParts;
				PRODUCT_NAME = "$(TARGET_NAME)";
				SWIFT_VERSION = 5.0;
				TARGETED_DEVICE_FAMILY = "1,2";
			};
			name = Debug;
		};
		A0EDCE772483FE4400AA30C6 /* Release */ = {
			isa = XCBuildConfiguration;
			baseConfigurationReference = 641F53EB5886E35B5F5469A8 /* Pods-SongParts.release.xcconfig */;
			buildSettings = {
				ASSETCATALOG_COMPILER_APPICON_NAME = AppIcon;
				CODE_SIGN_STYLE = Automatic;
				DEVELOPMENT_ASSET_PATHS = "\"SongParts/Preview Content\"";
				DEVELOPMENT_TEAM = 77DCXQD46U;
				ENABLE_PREVIEWS = YES;
				INFOPLIST_FILE = SongParts/Info.plist;
				LD_RUNPATH_SEARCH_PATHS = (
					"$(inherited)",
					"@executable_path/Frameworks",
				);
				PRODUCT_BUNDLE_IDENTIFIER = ference.SongParts;
				PRODUCT_NAME = "$(TARGET_NAME)";
				SWIFT_VERSION = 5.0;
				TARGETED_DEVICE_FAMILY = "1,2";
			};
			name = Release;
		};
/* End XCBuildConfiguration section */

/* Begin XCConfigurationList section */
		A0EDCE5C2483FE4100AA30C6 /* Build configuration list for PBXProject "SongParts" */ = {
			isa = XCConfigurationList;
			buildConfigurations = (
				A0EDCE732483FE4400AA30C6 /* Debug */,
				A0EDCE742483FE4400AA30C6 /* Release */,
			);
			defaultConfigurationIsVisible = 0;
			defaultConfigurationName = Release;
		};
		A0EDCE752483FE4400AA30C6 /* Build configuration list for PBXNativeTarget "SongParts" */ = {
			isa = XCConfigurationList;
			buildConfigurations = (
				A0EDCE762483FE4400AA30C6 /* Debug */,
				A0EDCE772483FE4400AA30C6 /* Release */,
			);
			defaultConfigurationIsVisible = 0;
			defaultConfigurationName = Release;
		};
/* End XCConfigurationList section */
	};
	rootObject = A0EDCE592483FE4100AA30C6 /* Project object */;
}
